
Microsoft Visual Studio Solution File, Format Version 10.00
# Visual C# Express 2008
Project("{FAE04EC0-301F-11D3-BF4B-00C04F79EFBC}") = "VirtualSerial", "VirtualSerial\VirtualSerial.csproj", "{0ADE2784-D0C2-49F2-95CF-DE67C97C8BE2}"
EndProject
Project("{FAE04EC0-301F-11D3-BF4B-00C04F79EFBC}") = "VirtualSerialTest", "VirtualSerialTest\VirtualSerialTest.csproj", "{64549CD2-EA13-4A5F-8AD7-907B993E4870}"
EndProject
Global
	GlobalSection(SolutionConfigurationPlatforms) = preSolution
		Debug|Any CPU = Debug|Any CPU
		Release|Any CPU = Release|Any CPU
	EndGlobalSection
	GlobalSection(ProjectConfigurationPlatforms) = postSolution
		{0ADE2784-D0C2-49F2-95CF-DE67C97C8BE2}.Debug|Any CPU.ActiveCfg = Debug|Any CPU
		{0ADE2784-D0C2-49F2-95CF-DE67C97C8BE2}.Debug|Any CPU.Build.0 = Debug|Any CPU
		{0ADE2784-D0C2-49F2-95CF-DE67C97C8BE2}.Release|Any CPU.ActiveCfg = Release|Any CPU
		{0ADE2784-D0C2-49F2-95CF-DE67C97C8BE2}.Release|Any CPU.Build.0 = Release|Any CPU
		{64549CD2-EA13-4A5F-8AD7-907B993E4870}.Debug|Any CPU.ActiveCfg = Debug|Any CPU
		{64549CD2-EA13-4A5F-8AD7-907B993E4870}.Debug|Any CPU.Build.0 = Debug|Any CPU
		{64549CD2-EA13-4A5F-8AD7-907B993E4870}.Release|Any CPU.ActiveCfg = Release|Any CPU
		{64549CD2-EA13-4A5F-8AD7-907B993E4870}.Release|Any CPU.Build.0 = Release|Any CPU
	EndGlobalSection
	GlobalSection(SolutionProperties) = preSolution
		HideSolutionNode = FALSE
	EndGlobalSection
EndGlobal
